
Microsoft Visual Studio Solution File, Format Version 12.00
# Visual Studio Version 16
VisualStudioVersion = 16.0.31702.278
MinimumVisualStudioVersion = 10.0.40219.1
Project("{FAE04EC0-301F-11D3-BF4B-00C04F79EFBC}") = "RestWithASPNETUdemy", "RestWithASPNETUdemy\RestWithASPNETUdemy.csproj", "{522043EF-D8DA-4639-A2DE-297DB47D0404}"
EndProject
Global
	GlobalSection(SolutionConfigurationPlatforms) = preSolution
		Debug|Any CPU = Debug|Any CPU
		Release|Any CPU = Release|Any CPU
	EndGlobalSection
	GlobalSection(ProjectConfigurationPlatforms) = postSolution
		{522043EF-D8DA-4639-A2DE-297DB47D0404}.Debug|Any CPU.ActiveCfg = Debug|Any CPU
		{522043EF-D8DA-4639-A2DE-297DB47D0404}.Debug|Any CPU.Build.0 = Debug|Any CPU
		{522043EF-D8DA-4639-A2DE-297DB47D0404}.Release|Any CPU.ActiveCfg = Release|Any CPU
		{522043EF-D8DA-4639-A2DE-297DB47D0404}.Release|Any CPU.Build.0 = Release|Any CPU
	EndGlobalSection
	GlobalSection(SolutionProperties) = preSolution
		HideSolutionNode = FALSE
	EndGlobalSection
	GlobalSection(ExtensibilityGlobals) = postSolution
		SolutionGuid = {18E16A1F-CFAA-40F7-BFE4-EB6813FBF2AA}
	EndGlobalSection
EndGlobal
